
Microsoft Visual Studio Solution File, Format Version 12.00
# Visual Studio Version 17
VisualStudioVersion = 17.2.32516.85
MinimumVisualStudioVersion = 10.0.40219.1
Project("{FAE04EC0-301F-11D3-BF4B-00C04F79EFBC}") = "LinqConsoleApp", "LinqConsoleApp\LinqConsoleApp.csproj", "{5FA4A868-8F6F-4403-8EC6-86510DF17B97}"
EndProject
Global
	GlobalSection(SolutionConfigurationPlatforms) = preSolution
		Debug|Any CPU = Debug|Any CPU
		Release|Any CPU = Release|Any CPU
	EndGlobalSection
	GlobalSection(ProjectConfigurationPlatforms) = postSolution
		{5FA4A868-8F6F-4403-8EC6-86510DF17B97}.Debug|Any CPU.ActiveCfg = Debug|Any CPU
		{5FA4A868-8F6F-4403-8EC6-86510DF17B97}.Debug|Any CPU.Build.0 = Debug|Any CPU
		{5FA4A868-8F6F-4403-8EC6-86510DF17B97}.Release|Any CPU.ActiveCfg = Release|Any CPU
		{5FA4A868-8F6F-4403-8EC6-86510DF17B97}.Release|Any CPU.Build.0 = Release|Any CPU
	EndGlobalSection
	GlobalSection(SolutionProperties) = preSolution
		HideSolutionNode = FALSE
	EndGlobalSection
	GlobalSection(ExtensibilityGlobals) = postSolution
		SolutionGuid = {12F0D227-1290-47FA-962B-59AB46AC911E}
	EndGlobalSection
EndGlobal
